
Microsoft Visual Studio Solution File, Format Version 12.00
# Visual Studio Version 17
VisualStudioVersion = 17.0.31825.309
MinimumVisualStudioVersion = 10.0.40219.1
Project("{9A19103F-16F7-4668-BE54-9A1E7A4F7556}") = "APIMini", "APIMini\APIMini.csproj", "{6C0A46EB-3794-4029-8B86-568F244BB7E6}"
EndProject
Project("{9A19103F-16F7-4668-BE54-9A1E7A4F7556}") = "Api2", "Api2\Api2.csproj", "{2D603645-7CE6-4005-95B3-13D0A4DAB802}"
EndProject
Project("{9A19103F-16F7-4668-BE54-9A1E7A4F7556}") = "ASM1", "ASM1\ASM1.csproj", "{F4BB918F-91A8-44A4-8180-B281F5914C71}"
EndProject
Project("{9A19103F-16F7-4668-BE54-9A1E7A4F7556}") = "Chat", "Chat\Chat.csproj", "{C1933A63-1A2F-4DCA-8C51-6C9E4893A98A}"
EndProject
Project("{FAE04EC0-301F-11D3-BF4B-00C04F79EFBC}") = "Auth", "Auth\Auth.csproj", "{B109500D-B190-4495-955C-844613A98954}"
EndProject
Global
	GlobalSection(SolutionConfigurationPlatforms) = preSolution
		Debug|Any CPU = Debug|Any CPU
		Release|Any CPU = Release|Any CPU
	EndGlobalSection
	GlobalSection(ProjectConfigurationPlatforms) = postSolution
		{6C0A46EB-3794-4029-8B86-568F244BB7E6}.Debug|Any CPU.ActiveCfg = Debug|Any CPU
		{6C0A46EB-3794-4029-8B86-568F244BB7E6}.Debug|Any CPU.Build.0 = Debug|Any CPU
		{6C0A46EB-3794-4029-8B86-568F244BB7E6}.Release|Any CPU.ActiveCfg = Release|Any CPU
		{6C0A46EB-3794-4029-8B86-568F244BB7E6}.Release|Any CPU.Build.0 = Release|Any CPU
		{2D603645-7CE6-4005-95B3-13D0A4DAB802}.Debug|Any CPU.ActiveCfg = Debug|Any CPU
		{2D603645-7CE6-4005-95B3-13D0A4DAB802}.Debug|Any CPU.Build.0 = Debug|Any CPU
		{2D603645-7CE6-4005-95B3-13D0A4DAB802}.Release|Any CPU.ActiveCfg = Release|Any CPU
		{2D603645-7CE6-4005-95B3-13D0A4DAB802}.Release|Any CPU.Build.0 = Release|Any CPU
		{F4BB918F-91A8-44A4-8180-B281F5914C71}.Debug|Any CPU.ActiveCfg = Debug|Any CPU
		{F4BB918F-91A8-44A4-8180-B281F5914C71}.Debug|Any CPU.Build.0 = Debug|Any CPU
		{F4BB918F-91A8-44A4-8180-B281F5914C71}.Release|Any CPU.ActiveCfg = Release|Any CPU
		{F4BB918F-91A8-44A4-8180-B281F5914C71}.Release|Any CPU.Build.0 = Release|Any CPU
		{C1933A63-1A2F-4DCA-8C51-6C9E4893A98A}.Debug|Any CPU.ActiveCfg = Debug|Any CPU
		{C1933A63-1A2F-4DCA-8C51-6C9E4893A98A}.Debug|Any CPU.Build.0 = Debug|Any CPU
		{C1933A63-1A2F-4DCA-8C51-6C9E4893A98A}.Release|Any CPU.ActiveCfg = Release|Any CPU
		{C1933A63-1A2F-4DCA-8C51-6C9E4893A98A}.Release|Any CPU.Build.0 = Release|Any CPU
		{B109500D-B190-4495-955C-844613A98954}.Debug|Any CPU.ActiveCfg = Debug|Any CPU
		{B109500D-B190-4495-955C-844613A98954}.Debug|Any CPU.Build.0 = Debug|Any CPU
		{B109500D-B190-4495-955C-844613A98954}.Release|Any CPU.ActiveCfg = Release|Any CPU
		{B109500D-B190-4495-955C-844613A98954}.Release|Any CPU.Build.0 = Release|Any CPU
	EndGlobalSection
	GlobalSection(SolutionProperties) = preSolution
		HideSolutionNode = FALSE
	EndGlobalSection
	GlobalSection(ExtensibilityGlobals) = postSolution
		SolutionGuid = {C38C11A9-2611-45FA-BD56-72720FF556DF}
	EndGlobalSection
EndGlobal
